
Microsoft Visual Studio Solution File, Format Version 12.00
# Visual Studio Version 17
VisualStudioVersion = 17.3.32929.385
MinimumVisualStudioVersion = 10.0.40219.1
Project("{FAE04EC0-301F-11D3-BF4B-00C04F79EFBC}") = "EMSTask", "EMSTask.csproj", "{F4F4E0A4-B80A-4183-8724-DEE4BF75CB69}"
EndProject
Project("{9A19103F-16F7-4668-BE54-9A1E7A4F7556}") = "EMS.Core", "D:\upworktask\EMS.Core\EMS.Core.csproj", "{1420EC5D-E90F-48D7-BF8D-18BE43A1E5C2}"
EndProject
Project("{9A19103F-16F7-4668-BE54-9A1E7A4F7556}") = "EMS.Data", "D:\upworktask\EMS.Data\EMS.Data.csproj", "{1B7D0C98-C774-4843-9157-DF9E21886C8F}"
EndProject
Project("{9A19103F-16F7-4668-BE54-9A1E7A4F7556}") = "EMS.API", "D:\upworktask\EMSAPI\EMS.API.csproj", "{5066CF8D-1D69-4ABA-8C18-A53FDC7BA340}"
EndProject
Project("{9A19103F-16F7-4668-BE54-9A1E7A4F7556}") = "EMS.WEB", "D:\upworktask\EMSWEB\EMS.WEB.csproj", "{D79488AF-3634-4A23-88CB-49C06F2B95F5}"
EndProject
Global
	GlobalSection(SolutionConfigurationPlatforms) = preSolution
		Debug|Any CPU = Debug|Any CPU
		Release|Any CPU = Release|Any CPU
	EndGlobalSection
	GlobalSection(ProjectConfigurationPlatforms) = postSolution
		{F4F4E0A4-B80A-4183-8724-DEE4BF75CB69}.Debug|Any CPU.ActiveCfg = Debug|Any CPU
		{F4F4E0A4-B80A-4183-8724-DEE4BF75CB69}.Debug|Any CPU.Build.0 = Debug|Any CPU
		{F4F4E0A4-B80A-4183-8724-DEE4BF75CB69}.Release|Any CPU.ActiveCfg = Release|Any CPU
		{F4F4E0A4-B80A-4183-8724-DEE4BF75CB69}.Release|Any CPU.Build.0 = Release|Any CPU
		{1420EC5D-E90F-48D7-BF8D-18BE43A1E5C2}.Debug|Any CPU.ActiveCfg = Debug|Any CPU
		{1420EC5D-E90F-48D7-BF8D-18BE43A1E5C2}.Debug|Any CPU.Build.0 = Debug|Any CPU
		{1420EC5D-E90F-48D7-BF8D-18BE43A1E5C2}.Release|Any CPU.ActiveCfg = Release|Any CPU
		{1420EC5D-E90F-48D7-BF8D-18BE43A1E5C2}.Release|Any CPU.Build.0 = Release|Any CPU
		{1B7D0C98-C774-4843-9157-DF9E21886C8F}.Debug|Any CPU.ActiveCfg = Debug|Any CPU
		{1B7D0C98-C774-4843-9157-DF9E21886C8F}.Debug|Any CPU.Build.0 = Debug|Any CPU
		{1B7D0C98-C774-4843-9157-DF9E21886C8F}.Release|Any CPU.ActiveCfg = Release|Any CPU
		{1B7D0C98-C774-4843-9157-DF9E21886C8F}.Release|Any CPU.Build.0 = Release|Any CPU
		{5066CF8D-1D69-4ABA-8C18-A53FDC7BA340}.Debug|Any CPU.ActiveCfg = Debug|Any CPU
		{5066CF8D-1D69-4ABA-8C18-A53FDC7BA340}.Debug|Any CPU.Build.0 = Debug|Any CPU
		{5066CF8D-1D69-4ABA-8C18-A53FDC7BA340}.Release|Any CPU.ActiveCfg = Release|Any CPU
		{5066CF8D-1D69-4ABA-8C18-A53FDC7BA340}.Release|Any CPU.Build.0 = Release|Any CPU
		{D79488AF-3634-4A23-88CB-49C06F2B95F5}.Debug|Any CPU.ActiveCfg = Debug|Any CPU
		{D79488AF-3634-4A23-88CB-49C06F2B95F5}.Debug|Any CPU.Build.0 = Debug|Any CPU
		{D79488AF-3634-4A23-88CB-49C06F2B95F5}.Release|Any CPU.ActiveCfg = Release|Any CPU
		{D79488AF-3634-4A23-88CB-49C06F2B95F5}.Release|Any CPU.Build.0 = Release|Any CPU
	EndGlobalSection
	GlobalSection(SolutionProperties) = preSolution
		HideSolutionNode = FALSE
	EndGlobalSection
	GlobalSection(ExtensibilityGlobals) = postSolution
		SolutionGuid = {E00B6347-A574-40D7-99A1-F5731B569EFD}
	EndGlobalSection
EndGlobal
